// !$*UTF8*$!
{
	archiveVersion = 1;
	classes = {
	};
	objectVersion = 46;
	objects = {

/* Begin PBXBuildFile section */
		F61160311BFA19520091B20F /* OpenGLVidGridLayer.h in Headers */ = {isa = PBXBuildFile; fileRef = F611602B1BFA19520091B20F /* OpenGLVidGridLayer.h */; };
		F61160321BFA19520091B20F /* OpenGLVidGridLayer.m in Sources */ = {isa = PBXBuildFile; fileRef = F611602C1BFA19520091B20F /* OpenGLVidGridLayer.m */; };
		F61160331BFA19520091B20F /* OpenGLYUVRender.h in Headers */ = {isa = PBXBuildFile; fileRef = F611602D1BFA19520091B20F /* OpenGLYUVRender.h */; };
		F61160341BFA19520091B20F /* OpenGLYUVRender.m in Sources */ = {isa = PBXBuildFile; fileRef = F611602E1BFA19520091B20F /* OpenGLYUVRender.m */; };
		F61160351BFA19520091B20F /* VidGridLayer.h in Headers */ = {isa = PBXBuildFile; fileRef = F611602F1BFA19520091B20F /* VidGridLayer.h */; };
		F61160361BFA19520091B20F /* VidGridLayer.m in Sources */ = {isa = PBXBuildFile; fileRef = F61160301BFA19520091B20F /* VidGridLayer.m */; };
/* End PBXBuildFile section */

/* Begin PBXFileReference section */
		F608C9FC1BE9B725003C27A2 /* libVidGridLayer.a */ = {isa = PBXFileReference; explicitFileType = archive.ar; includeInIndex = 0; path = libVidGridLayer.a; sourceTree = BUILT_PRODUCTS_DIR; };
		F611602B1BFA19520091B20F /* OpenGLVidGridLayer.h */ = {isa = PBXFileReference; fileEncoding = 4; lastKnownFileType = sourcecode.c.h; path = OpenGLVidGridLayer.h; sourceTree = "<group>"; };
		F611602C1BFA19520091B20F /* OpenGLVidGridLayer.m */ = {isa = PBXFileReference; fileEncoding = 4; lastKnownFileType = sourcecode.c.objc; path = OpenGLVidGridLayer.m; sourceTree = "<group>"; };
		F611602D1BFA19520091B20F /* OpenGLYUVRender.h */ = {isa = PBXFileReference; fileEncoding = 4; lastKnownFileType = sourcecode.c.h; path = OpenGLYUVRender.h; sourceTree = "<group>"; };
		F611602E1BFA19520091B20F /* OpenGLYUVRender.m */ = {isa = PBXFileReference; fileEncoding = 4; lastKnownFileType = sourcecode.c.objc; path = OpenGLYUVRender.m; sourceTree = "<group>"; };
		F611602F1BFA19520091B20F /* VidGridLayer.h */ = {isa = PBXFileReference; fileEncoding = 4; lastKnownFileType = sourcecode.c.h; path = VidGridLayer.h; sourceTree = "<group>"; };
		F61160301BFA19520091B20F /* VidGridLayer.m */ = {isa = PBXFileReference; fileEncoding = 4; lastKnownFileType = sourcecode.c.objc; path = VidGridLayer.m; sourceTree = "<group>"; };
		F61160381BFA197A0091B20F /* Info.plist */ = {isa = PBXFileReference; fileEncoding = 4; lastKnownFileType = text.plist.xml; path = Info.plist; sourceTree = "<group>"; };
/* End PBXFileReference section */

/* Begin PBXFrameworksBuildPhase section */
		F608C9F91BE9B725003C27A2 /* Frameworks */ = {
			isa = PBXFrameworksBuildPhase;
			buildActionMask = 2147483647;
			files = (
			);
			runOnlyForDeploymentPostprocessing = 0;
		};
/* End PBXFrameworksBuildPhase section */

/* Begin PBXGroup section */
		F608C9F31BE9B725003C27A2 = {
			isa = PBXGroup;
			children = (
				F61160371BFA197A0091B20F /* VidGridLayerTests */,
				F611602A1BFA19520091B20F /* VidGridLayer */,
				F608C9FD1BE9B725003C27A2 /* Products */,
			);
			sourceTree = "<group>";
		};
		F608C9FD1BE9B725003C27A2 /* Products */ = {
			isa = PBXGroup;
			children = (
				F608C9FC1BE9B725003C27A2 /* libVidGridLayer.a */,
			);
			name = Products;
			sourceTree = "<group>";
		};
		F611602A1BFA19520091B20F /* VidGridLayer */ = {
			isa = PBXGroup;
			children = (
				F611602B1BFA19520091B20F /* OpenGLVidGridLayer.h */,
				F611602C1BFA19520091B20F /* OpenGLVidGridLayer.m */,
				F611602D1BFA19520091B20F /* OpenGLYUVRender.h */,
				F611602E1BFA19520091B20F /* OpenGLYUVRender.m */,
				F611602F1BFA19520091B20F /* VidGridLayer.h */,
				F61160301BFA19520091B20F /* VidGridLayer.m */,
			);
			path = VidGridLayer;
			sourceTree = "<group>";
		};
		F61160371BFA197A0091B20F /* VidGridLayerTests */ = {
			isa = PBXGroup;
			children = (
				F61160381BFA197A0091B20F /* Info.plist */,
			);
			path = VidGridLayerTests;
			sourceTree = "<group>";
		};
/* End PBXGroup section */

/* Begin PBXHeadersBuildPhase section */
		F608C9FA1BE9B725003C27A2 /* Headers */ = {
			isa = PBXHeadersBuildPhase;
			buildActionMask = 2147483647;
			files = (
				F61160351BFA19520091B20F /* VidGridLayer.h in Headers */,
				F61160331BFA19520091B20F /* OpenGLYUVRender.h in Headers */,
				F61160311BFA19520091B20F /* OpenGLVidGridLayer.h in Headers */,
			);
			runOnlyForDeploymentPostprocessing = 0;
		};
/* End PBXHeadersBuildPhase section */

/* Begin PBXNativeTarget section */
		F608C9FB1BE9B725003C27A2 /* VidGridLayer */ = {
			isa = PBXNativeTarget;
			buildConfigurationList = F608CA101BE9B725003C27A2 /* Build configuration list for PBXNativeTarget "VidGridLayer" */;
			buildPhases = (
				F608C9F81BE9B725003C27A2 /* Sources */,
				F608C9F91BE9B725003C27A2 /* Frameworks */,
				F608C9FA1BE9B725003C27A2 /* Headers */,
			);
			buildRules = (
			);
			dependencies = (
			);
			name = VidGridLayer;
			productName = VidGridLayer;
			productReference = F608C9FC1BE9B725003C27A2 /* libVidGridLayer.a */;
			productType = "com.apple.product-type.library.static";
		};
/* End PBXNativeTarget section */

/* Begin PBXProject section */
		F608C9F41BE9B725003C27A2 /* Project object */ = {
			isa = PBXProject;
			attributes = {
				LastUpgradeCheck = 0630;
				ORGANIZATIONNAME = mac_dev;
				TargetAttributes = {
					F608C9FB1BE9B725003C27A2 = {
						CreatedOnToolsVersion = 6.3.1;
					};
				};
			};
			buildConfigurationList = F608C9F71BE9B725003C27A2 /* Build configuration list for PBXProject "VidGridLayer" */;
			compatibilityVersion = "Xcode 3.2";
			developmentRegion = English;
			hasScannedForEncodings = 0;
			knownRegions = (
				en,
			);
			mainGroup = F608C9F31BE9B725003C27A2;
			productRefGroup = F608C9FD1BE9B725003C27A2 /* Products */;
			projectDirPath = "";
			projectRoot = "";
			targets = (
				F608C9FB1BE9B725003C27A2 /* VidGridLayer */,
			);
		};
/* End PBXProject section */

/* Begin PBXSourcesBuildPhase section */
		F608C9F81BE9B725003C27A2 /* Sources */ = {
			isa = PBXSourcesBuildPhase;
			buildActionMask = 2147483647;
			files = (
				F61160321BFA19520091B20F /* OpenGLVidGridLayer.m in Sources */,
				F61160361BFA19520091B20F /* VidGridLayer.m in Sources */,
				F61160341BFA19520091B20F /* OpenGLYUVRender.m in Sources */,
			);
			runOnlyForDeploymentPostprocessing = 0;
		};
/* End PBXSourcesBuildPhase section */

/* Begin XCBuildConfiguration section */
		F608CA0E1BE9B725003C27A2 /* Debug */ = {
			isa = XCBuildConfiguration;
			buildSettings = {
				ALWAYS_SEARCH_USER_PATHS = NO;
				CLANG_CXX_LANGUAGE_STANDARD = "gnu++0x";
				CLANG_CXX_LIBRARY = "libc++";
				CLANG_ENABLE_MODULES = YES;
				CLANG_ENABLE_OBJC_ARC = YES;
				CLANG_WARN_BOOL_CONVERSION = YES;
				CLANG_WARN_CONSTANT_CONVERSION = YES;
				CLANG_WARN_DIRECT_OBJC_ISA_USAGE = YES_ERROR;
				CLANG_WARN_EMPTY_BODY = YES;
				CLANG_WARN_ENUM_CONVERSION = YES;
				CLANG_WARN_INT_CONVERSION = YES;
				CLANG_WARN_OBJC_ROOT_CLASS = YES_ERROR;
				CLANG_WARN_UNREACHABLE_CODE = YES;
				CLANG_WARN__DUPLICATE_METHOD_MATCH = YES;
				COPY_PHASE_STRIP = NO;
				DEBUG_INFORMATION_FORMAT = dwarf;
				ENABLE_STRICT_OBJC_MSGSEND = YES;
				EXECUTABLE_EXTENSION = a;
				GCC_C_LANGUAGE_STANDARD = gnu99;
				GCC_DYNAMIC_NO_PIC = NO;
				GCC_NO_COMMON_BLOCKS = YES;
				GCC_OPTIMIZATION_LEVEL = 0;
				GCC_PREPROCESSOR_DEFINITIONS = (
					"DEBUG=1",
					"$(inherited)",
				);
				GCC_SYMBOLS_PRIVATE_EXTERN = NO;
				GCC_WARN_64_TO_32_BIT_CONVERSION = YES;
				GCC_WARN_ABOUT_RETURN_TYPE = YES_ERROR;
				GCC_WARN_UNDECLARED_SELECTOR = YES;
				GCC_WARN_UNINITIALIZED_AUTOS = YES_AGGRESSIVE;
				GCC_WARN_UNUSED_FUNCTION = YES;
				GCC_WARN_UNUSED_VARIABLE = YES;
				INSTALL_PATH = "@rpath";
				MACH_O_TYPE = staticlib;
				MACOSX_DEPLOYMENT_TARGET = 10.10;
				MTL_ENABLE_DEBUG_INFO = YES;
				ONLY_ACTIVE_ARCH = YES;
				SDKROOT = macosx;
				SKIP_INSTALL = YES;
			};
			name = Debug;
		};
		F608CA0F1BE9B725003C27A2 /* Release */ = {
			isa = XCBuildConfiguration;
			buildSettings = {
				ALWAYS_SEARCH_USER_PATHS = NO;
				CLANG_CXX_LANGUAGE_STANDARD = "gnu++0x";
				CLANG_CXX_LIBRARY = "libc++";
				CLANG_ENABLE_MODULES = YES;
				CLANG_ENABLE_OBJC_ARC = YES;
				CLANG_WARN_BOOL_CONVERSION = YES;
				CLANG_WARN_CONSTANT_CONVERSION = YES;
				CLANG_WARN_DIRECT_OBJC_ISA_USAGE = YES_ERROR;
				CLANG_WARN_EMPTY_BODY = YES;
				CLANG_WARN_ENUM_CONVERSION = YES;
				CLANG_WARN_INT_CONVERSION = YES;
				CLANG_WARN_OBJC_ROOT_CLASS = YES_ERROR;
				CLANG_WARN_UNREACHABLE_CODE = YES;
				CLANG_WARN__DUPLICATE_METHOD_MATCH = YES;
				COPY_PHASE_STRIP = NO;
				DEBUG_INFORMATION_FORMAT = "dwarf-with-dsym";
				ENABLE_NS_ASSERTIONS = NO;
				ENABLE_STRICT_OBJC_MSGSEND = YES;
				EXECUTABLE_EXTENSION = a;
				GCC_C_LANGUAGE_STANDARD = gnu99;
				GCC_NO_COMMON_BLOCKS = YES;
				GCC_WARN_64_TO_32_BIT_CONVERSION = YES;
				GCC_WARN_ABOUT_RETURN_TYPE = YES_ERROR;
				GCC_WARN_UNDECLARED_SELECTOR = YES;
				GCC_WARN_UNINITIALIZED_AUTOS = YES_AGGRESSIVE;
				GCC_WARN_UNUSED_FUNCTION = YES;
				GCC_WARN_UNUSED_VARIABLE = YES;
				INSTALL_PATH = "@rpath";
				MACH_O_TYPE = staticlib;
				MACOSX_DEPLOYMENT_TARGET = 10.10;
				MTL_ENABLE_DEBUG_INFO = NO;
				SDKROOT = macosx;
				SKIP_INSTALL = YES;
			};
			name = Release;
		};
		F608CA111BE9B725003C27A2 /* Debug */ = {
			isa = XCBuildConfiguration;
			buildSettings = {
				EXECUTABLE_PREFIX = lib;
				INSTALL_PATH = "@rpath";
				PRODUCT_NAME = "$(TARGET_NAME)";
				SKIP_INSTALL = YES;
			};
			name = Debug;
		};
		F608CA121BE9B725003C27A2 /* Release */ = {
			isa = XCBuildConfiguration;
			buildSettings = {
				EXECUTABLE_PREFIX = lib;
				INSTALL_PATH = "@rpath";
				PRODUCT_NAME = "$(TARGET_NAME)";
				SKIP_INSTALL = YES;
			};
			name = Release;
		};
/* End XCBuildConfiguration section */

/* Begin XCConfigurationList section */
		F608C9F71BE9B725003C27A2 /* Build configuration list for PBXProject "VidGridLayer" */ = {
			isa = XCConfigurationList;
			buildConfigurations = (
				F608CA0E1BE9B725003C27A2 /* Debug */,
				F608CA0F1BE9B725003C27A2 /* Release */,
			);
			defaultConfigurationIsVisible = 0;
			defaultConfigurationName = Release;
		};
		F608CA101BE9B725003C27A2 /* Build configuration list for PBXNativeTarget "VidGridLayer" */ = {
			isa = XCConfigurationList;
			buildConfigurations = (
				F608CA111BE9B725003C27A2 /* Debug */,
				F608CA121BE9B725003C27A2 /* Release */,
			);
			defaultConfigurationIsVisible = 0;
			defaultConfigurationName = Release;
		};
/* End XCConfigurationList section */
	};
	rootObject = F608C9F41BE9B725003C27A2 /* Project object */;
}
